
Microsoft Visual Studio Solution File, Format Version 12.00
# Visual Studio 15
VisualStudioVersion = 15.0.28010.2019
MinimumVisualStudioVersion = 10.0.40219.1
Project("{FAE04EC0-301F-11D3-BF4B-00C04F79EFBC}") = "aspnetcorereqtest", "aspnetcorereqtest\aspnetcorereqtest.csproj", "{B0720D2A-8D4D-49C1-B870-BC561D0E0978}"
EndProject
Global
	GlobalSection(SolutionConfigurationPlatforms) = preSolution
		Debug|Any CPU = Debug|Any CPU
		Release|Any CPU = Release|Any CPU
	EndGlobalSection
	GlobalSection(ProjectConfigurationPlatforms) = postSolution
		{B0720D2A-8D4D-49C1-B870-BC561D0E0978}.Debug|Any CPU.ActiveCfg = Debug|Any CPU
		{B0720D2A-8D4D-49C1-B870-BC561D0E0978}.Debug|Any CPU.Build.0 = Debug|Any CPU
		{B0720D2A-8D4D-49C1-B870-BC561D0E0978}.Release|Any CPU.ActiveCfg = Release|Any CPU
		{B0720D2A-8D4D-49C1-B870-BC561D0E0978}.Release|Any CPU.Build.0 = Release|Any CPU
	EndGlobalSection
	GlobalSection(SolutionProperties) = preSolution
		HideSolutionNode = FALSE
	EndGlobalSection
	GlobalSection(ExtensibilityGlobals) = postSolution
		SolutionGuid = {BD2AF3B4-EBDE-43D5-B968-6280C3CEE341}
	EndGlobalSection
EndGlobal
